{
  "name": "thundership",
  "lockfileVersion": 2,
  "requires": true,
  "packages": {
    "": {
      "dependencies": {
        "unique-names-generator": "^4.7.1"
      }
    },
    "node_modules/unique-names-generator": {
      "version": "4.7.1",
      "resolved": "https://registry.npmjs.org/unique-names-generator/-/unique-names-generator-4.7.1.tgz",
      "integrity": "sha512-lMx9dX+KRmG8sq6gulYYpKWZc9RlGsgBR6aoO8Qsm3qvkSJ+3rAymr+TnV8EDMrIrwuFJ4kruzMWM/OpYzPoow==",
      "engines": {
        "node": ">=8"
      }
    }
  },
  "dependencies": {
    "unique-names-generator": {
      "version": "4.7.1",
      "resolved": "https://registry.npmjs.org/unique-names-generator/-/unique-names-generator-4.7.1.tgz",
      "integrity": "sha512-lMx9dX+KRmG8sq6gulYYpKWZc9RlGsgBR6aoO8Qsm3qvkSJ+3rAymr+TnV8EDMrIrwuFJ4kruzMWM/OpYzPoow=="
    }
  }
}
