{
  "name": "thundership",
  "lockfileVersion": 2,
  "requires": true,
  "packages": {
    "": {
      "dependencies": {
        "@stomp/rx-stomp": "^2.0.0"
      }
    },
    "node_modules/@stomp/rx-stomp": {
      "version": "2.0.0",
      "resolved": "https://registry.npmjs.org/@stomp/rx-stomp/-/rx-stomp-2.0.0.tgz",
      "integrity": "sha512-3UxTxAA3NWGnwFfIvN8AigJ7BxGXG0u5IK8K12mQ9cCMuaT/MM7xlyZnuV8sDbHiqqLlbwA1wk1fDfUyOTIeug==",
      "peerDependencies": {
        "@stomp/stompjs": "^7.0.0",
        "rxjs": "^7.2.0",
        "uuid": "^9.0.0"
      }
    },
    "node_modules/@stomp/stompjs": {
      "version": "7.0.0",
      "resolved": "https://registry.npmjs.org/@stomp/stompjs/-/stompjs-7.0.0.tgz",
      "integrity": "sha512-fGdq4wPDnSV/KyOsjq4P+zLc8MFWC3lMmP5FBgLWKPJTYcuCbAIrnRGjB7q2jHZdYCOD5vxLuFoKIYLy5/u8Pw==",
      "peer": true
    },
    "node_modules/rxjs": {
      "version": "7.8.0",
      "resolved": "https://registry.npmjs.org/rxjs/-/rxjs-7.8.0.tgz",
      "integrity": "sha512-F2+gxDshqmIub1KdvZkaEfGDwLNpPvk9Fs6LD/MyQxNgMds/WH9OdDDXOmxUZpME+iSK3rQCctkL0DYyytUqMg==",
      "peer": true,
      "dependencies": {
        "tslib": "^2.1.0"
      }
    },
    "node_modules/tslib": {
      "version": "2.5.0",
      "resolved": "https://registry.npmjs.org/tslib/-/tslib-2.5.0.tgz",
      "integrity": "sha512-336iVw3rtn2BUK7ORdIAHTyxHGRIHVReokCR3XjbckJMK7ms8FysBfhLR8IXnAgy7T0PTPNBWKiH514FOW/WSg==",
      "peer": true
    },
    "node_modules/uuid": {
      "version": "9.0.0",
      "resolved": "https://registry.npmjs.org/uuid/-/uuid-9.0.0.tgz",
      "integrity": "sha512-MXcSTerfPa4uqyzStbRoTgt5XIe3x5+42+q1sDuy3R5MDk66URdLMOZe5aPX/SQd+kuYAh0FdP/pO28IkQyTeg==",
      "peer": true,
      "bin": {
        "uuid": "dist/bin/uuid"
      }
    }
  },
  "dependencies": {
    "@stomp/rx-stomp": {
      "version": "2.0.0",
      "resolved": "https://registry.npmjs.org/@stomp/rx-stomp/-/rx-stomp-2.0.0.tgz",
      "integrity": "sha512-3UxTxAA3NWGnwFfIvN8AigJ7BxGXG0u5IK8K12mQ9cCMuaT/MM7xlyZnuV8sDbHiqqLlbwA1wk1fDfUyOTIeug==",
      "requires": {}
    },
    "@stomp/stompjs": {
      "version": "7.0.0",
      "resolved": "https://registry.npmjs.org/@stomp/stompjs/-/stompjs-7.0.0.tgz",
      "integrity": "sha512-fGdq4wPDnSV/KyOsjq4P+zLc8MFWC3lMmP5FBgLWKPJTYcuCbAIrnRGjB7q2jHZdYCOD5vxLuFoKIYLy5/u8Pw==",
      "peer": true
    },
    "rxjs": {
      "version": "7.8.0",
      "resolved": "https://registry.npmjs.org/rxjs/-/rxjs-7.8.0.tgz",
      "integrity": "sha512-F2+gxDshqmIub1KdvZkaEfGDwLNpPvk9Fs6LD/MyQxNgMds/WH9OdDDXOmxUZpME+iSK3rQCctkL0DYyytUqMg==",
      "peer": true,
      "requires": {
        "tslib": "^2.1.0"
      }
    },
    "tslib": {
      "version": "2.5.0",
      "resolved": "https://registry.npmjs.org/tslib/-/tslib-2.5.0.tgz",
      "integrity": "sha512-336iVw3rtn2BUK7ORdIAHTyxHGRIHVReokCR3XjbckJMK7ms8FysBfhLR8IXnAgy7T0PTPNBWKiH514FOW/WSg==",
      "peer": true
    },
    "uuid": {
      "version": "9.0.0",
      "resolved": "https://registry.npmjs.org/uuid/-/uuid-9.0.0.tgz",
      "integrity": "sha512-MXcSTerfPa4uqyzStbRoTgt5XIe3x5+42+q1sDuy3R5MDk66URdLMOZe5aPX/SQd+kuYAh0FdP/pO28IkQyTeg==",
      "peer": true
    }
  }
}
